schema: '2.0'
stages:
  generate_scenario:
    cmd: poetry run python -m src.generate_scenario data/raw/scenario-prompt.md data/interim/scenario.md
    deps:
    - path: data/raw/scenario-prompt.md
      hash: md5
      md5: b89530c36c7efd21ccb7444b5b523ecd
      size: 2405
    - path: src/generate_scenario.py
      hash: md5
      md5: 963619e8d91adf3e58d705d4030997b0
      size: 1472
    outs:
    - path: data/interim/scenario.md
      hash: md5
      md5: e4de7dd87b09a3126dbafe84e2032e3e
      size: 3155
  convert_to_pdf:
    cmd: mkdir -p build ; rm -f build/* ; cp data/raw/style.css data/interim/scenario.md
      build/ ; docker run --rm -v ./build/:/home/marp/app marp-cli-ja marp scenario.md
      --pdf --theme style.css; cp build/scenario.pdf data/interim/scenario.pdf
    deps:
    - path: data/interim/scenario.md
      hash: md5
      md5: e4de7dd87b09a3126dbafe84e2032e3e
      size: 3155
    - path: data/raw/style.css
      hash: md5
      md5: 99282e14aab56b8f0681a234cd71984b
      size: 95
    outs:
    - path: data/interim/scenario.pdf
      hash: md5
      md5: 92785212976fd55758aaea0afe4c9e69
      size: 329817
  generate_scenario@0:
    cmd: poetry run python -m src.generate_scenario src/prompt.md data/interim/scenario-0.md
      --temperature=0.8
    deps:
    - path: src/generate_scenario.py
      hash: md5
      md5: 6888b624faa753fd316b125b990e0289
      size: 3254
    - path: src/prompt.md
      hash: md5
      md5: 6d6ce5ca922129c4258371890e15f60b
      size: 8411
    outs:
    - path: data/interim/scenario-0.md
      hash: md5
      md5: 0467c8bda6f4a95686c476dae087629c
      size: 10879
  generate_scenario@1:
    cmd: poetry run python -m src.generate_scenario src/prompt.md data/interim/scenario-1.md
      --temperature=0.8
    deps:
    - path: src/generate_scenario.py
      hash: md5
      md5: a3e9cb1134a77be927869c0aba32993c
      size: 2959
    - path: src/prompt.md
      hash: md5
      md5: 52a36d5d60e3c876113e0b16584e7a08
      size: 6031
    outs:
    - path: data/interim/scenario-1.md
      hash: md5
      md5: 5e70390a2ea2b6d00a85702c6981b0a2
      size: 8789
  generate_scenario@2:
    cmd: poetry run python -m src.generate_scenario src/prompt.md data/interim/scenario-2.md
      --temperature=0.8
    deps:
    - path: src/generate_scenario.py
      hash: md5
      md5: a3e9cb1134a77be927869c0aba32993c
      size: 2959
    - path: src/prompt.md
      hash: md5
      md5: 52a36d5d60e3c876113e0b16584e7a08
      size: 6031
    outs:
    - path: data/interim/scenario-2.md
      hash: md5
      md5: 416927e8c027fa44b148454d7cb79654
      size: 8276
  generate_scenario@3:
    cmd: poetry run python -m src.generate_scenario src/prompt.md data/interim/scenario-3.md
      --temperature=0.8
    deps:
    - path: src/generate_scenario.py
      hash: md5
      md5: a3e9cb1134a77be927869c0aba32993c
      size: 2959
    - path: src/prompt.md
      hash: md5
      md5: 52a36d5d60e3c876113e0b16584e7a08
      size: 6031
    outs:
    - path: data/interim/scenario-3.md
      hash: md5
      md5: 62cc0b109f250e3307b808d480aaf020
      size: 9765
  convert_to_pdf@0:
    cmd: mkdir -p build ; rm -f build/* ; cp src/style.css build/ ; cp data/interim/scenario-0.md
      build/temp.md ; docker run --rm -v ./build/:/home/marp/app marp-cli-ja marp
      temp.md -o temp.pdf --pdf --theme style.css; cp build/temp.pdf data/interim/scenario-0.pdf
    deps:
    - path: data/interim/scenario-0.md
      hash: md5
      md5: e87d2ab1ae9eb03195e519e66a679e97
      size: 4857
    - path: src/style.css
      hash: md5
      md5: 99282e14aab56b8f0681a234cd71984b
      size: 95
    outs:
    - path: data/interim/scenario-0.pdf
      hash: md5
      md5: 3a9087baf160b7fff0bf75b2364389ba
      size: 311614
  convert_to_pdf@1:
    cmd: mkdir -p build ; rm -f build/* ; cp src/style.css build/ ; cp data/interim/scenario-1.md
      build/temp.md ; docker run --rm -v ./build/:/home/marp/app marp-cli-ja marp
      temp.md -o temp.pdf --pdf --theme style.css; cp build/temp.pdf data/interim/scenario-1.pdf
    deps:
    - path: data/interim/scenario-1.md
      hash: md5
      md5: 15e09f43939f6b34f746d7a7c1828512
      size: 6934
    - path: src/style.css
      hash: md5
      md5: 99282e14aab56b8f0681a234cd71984b
      size: 95
    outs:
    - path: data/interim/scenario-1.pdf
      hash: md5
      md5: 22df5acb53409916c9f8d6f4ae1d300b
      size: 569824
  convert_to_pdf@2:
    cmd: mkdir -p build ; rm -f build/* ; cp src/style.css build/ ; cp data/interim/scenario-2.md
      build/temp.md ; docker run --rm -v ./build/:/home/marp/app marp-cli-ja marp
      temp.md -o temp.pdf --pdf --theme style.css; cp build/temp.pdf data/interim/scenario-2.pdf
    deps:
    - path: data/interim/scenario-2.md
      hash: md5
      md5: a3aa5140b6b4f93bf45c6caed0833640
      size: 9060
    - path: src/style.css
      hash: md5
      md5: 99282e14aab56b8f0681a234cd71984b
      size: 95
    outs:
    - path: data/interim/scenario-2.pdf
      hash: md5
      md5: 225f732a6842d18534f1385dfe5c92cb
      size: 417774
  convert_to_pdf@3:
    cmd: mkdir -p build ; rm -f build/* ; cp src/style.css build/ ; cp data/interim/scenario-3.md
      build/temp.md ; docker run --rm -v ./build/:/home/marp/app marp-cli-ja marp
      temp.md -o temp.pdf --pdf --theme style.css; cp build/temp.pdf data/interim/scenario-3.pdf
    deps:
    - path: data/interim/scenario-3.md
      hash: md5
      md5: 29a74d1dca2b2e78bef2a837ec503142
      size: 7174
    - path: src/style.css
      hash: md5
      md5: 99282e14aab56b8f0681a234cd71984b
      size: 95
    outs:
    - path: data/interim/scenario-3.pdf
      hash: md5
      md5: 7bc6d1400eb269c55c27bd1a46e814f3
      size: 388424
  convert_markdown_to_pdf@0:
    cmd: mkdir -p build ; rm -f build/* ; cp src/style.css build/ ; cp data/interim/scenario-0.md
      build/temp.md ; docker run --rm -v ./build/:/home/marp/app marp-cli-ja marp
      temp.md -o temp.pdf --pdf --theme style.css; cp build/temp.pdf data/interim/scenario-0.pdf
    deps:
    - path: data/interim/scenario-0.md
      hash: md5
      md5: 0467c8bda6f4a95686c476dae087629c
      size: 10879
    - path: src/style.css
      hash: md5
      md5: 04ebe0b59897bed0d6a6e610df1b5351
      size: 319
    outs:
    - path: data/interim/scenario-0.pdf
      hash: md5
      md5: 000946750cec43374bb0851b8bd8e77e
      size: 377043
  convert_markdown_to_pdf@1:
    cmd: mkdir -p build ; rm -f build/* ; cp src/style.css build/ ; cp data/interim/scenario-1.md
      build/temp.md ; docker run --rm -v ./build/:/home/marp/app marp-cli-ja marp
      temp.md -o temp.pdf --pdf --theme style.css; cp build/temp.pdf data/interim/scenario-1.pdf
    deps:
    - path: data/interim/scenario-1.md
      hash: md5
      md5: 5e70390a2ea2b6d00a85702c6981b0a2
      size: 8789
    - path: src/style.css
      hash: md5
      md5: eb38ee4a9d6acbef1727b67efcf77e7f
      size: 134
    outs:
    - path: data/interim/scenario-1.pdf
      hash: md5
      md5: ebf551baccbb5b373aa3c4d0cae019a4
      size: 654490
  convert_markdown_to_pdf@2:
    cmd: mkdir -p build ; rm -f build/* ; cp src/style.css build/ ; cp data/interim/scenario-2.md
      build/temp.md ; docker run --rm -v ./build/:/home/marp/app marp-cli-ja marp
      temp.md -o temp.pdf --pdf --theme style.css; cp build/temp.pdf data/interim/scenario-2.pdf
    deps:
    - path: data/interim/scenario-2.md
      hash: md5
      md5: 416927e8c027fa44b148454d7cb79654
      size: 8276
    - path: src/style.css
      hash: md5
      md5: eb38ee4a9d6acbef1727b67efcf77e7f
      size: 134
    outs:
    - path: data/interim/scenario-2.pdf
      hash: md5
      md5: 51f752ba470e4f093cdfb3892afbcdfc
      size: 618314
  convert_markdown_to_pdf@3:
    cmd: mkdir -p build ; rm -f build/* ; cp src/style.css build/ ; cp data/interim/scenario-3.md
      build/temp.md ; docker run --rm -v ./build/:/home/marp/app marp-cli-ja marp
      temp.md -o temp.pdf --pdf --theme style.css; cp build/temp.pdf data/interim/scenario-3.pdf
    deps:
    - path: data/interim/scenario-3.md
      hash: md5
      md5: 62cc0b109f250e3307b808d480aaf020
      size: 9765
    - path: src/style.css
      hash: md5
      md5: eb38ee4a9d6acbef1727b67efcf77e7f
      size: 134
    outs:
    - path: data/interim/scenario-3.pdf
      hash: md5
      md5: e3a838b868e740d26c9321c9f1f7fdd8
      size: 816092
  convert_markdown_to_pptx@0:
    cmd: poetry run python -m src.md_to_pptx data/interim/scenario-0.md data/processed/scenario-0.pptx
    deps:
    - path: data/interim/scenario-0.md
      hash: md5
      md5: 0467c8bda6f4a95686c476dae087629c
      size: 10879
    - path: src/md_to_pptx.py
      hash: md5
      md5: c8a8612949d345b3d585bd5728906943
      size: 9748
    outs:
    - path: data/processed/scenario-0.pptx
      hash: md5
      md5: d7b0725dcda4359afa9d355442c5da31
      size: 100725
  convert_markdown_to_pptx@1:
    cmd: poetry run python -m src.md_to_pptx data/interim/scenario-1.md data/processed/scenario-1.pptx
    deps:
    - path: data/interim/scenario-1.md
      hash: md5
      md5: 5e70390a2ea2b6d00a85702c6981b0a2
      size: 8789
    - path: src/md_to_pptx.py
      hash: md5
      md5: 8fcc3bed849c23d4f768282c7b871d5c
      size: 8824
    outs:
    - path: data/processed/scenario-1.pptx
      hash: md5
      md5: d306fcd5ff34a62430f350a214d57ceb
      size: 112394
  convert_markdown_to_pptx@2:
    cmd: poetry run python -m src.md_to_pptx data/interim/scenario-2.md data/processed/scenario-2.pptx
    deps:
    - path: data/interim/scenario-2.md
      hash: md5
      md5: 416927e8c027fa44b148454d7cb79654
      size: 8276
    - path: src/md_to_pptx.py
      hash: md5
      md5: 8fcc3bed849c23d4f768282c7b871d5c
      size: 8824
    outs:
    - path: data/processed/scenario-2.pptx
      hash: md5
      md5: dd32037a36545fd261636315270129ad
      size: 108164
  convert_markdown_to_pptx@3:
    cmd: poetry run python -m src.md_to_pptx data/interim/scenario-3.md data/processed/scenario-3.pptx
    deps:
    - path: data/interim/scenario-3.md
      hash: md5
      md5: 62cc0b109f250e3307b808d480aaf020
      size: 9765
    - path: src/md_to_pptx.py
      hash: md5
      md5: 8fcc3bed849c23d4f768282c7b871d5c
      size: 8824
    outs:
    - path: data/processed/scenario-3.pptx
      hash: md5
      md5: 2520f947529c30f1d4f4e24df02ae060
      size: 114119
  convert_pptx_to_pdf@0:
    cmd: libreoffice --headless --convert-to pdf data/processed/scenario-0.pptx --outdir
      data/processed/
    deps:
    - path: data/processed/scenario-0.pptx
      hash: md5
      md5: d7b0725dcda4359afa9d355442c5da31
      size: 100725
    outs:
    - path: data/processed/scenario-0.pdf
      hash: md5
      md5: ef1c5947270997c736a5fafc9d41f9b5
      size: 148316
  convert_pptx_to_pdf@1:
    cmd: libreoffice --headless --convert-to pdf data/processed/scenario-1.pptx --outdir
      data/processed/
    deps:
    - path: data/processed/scenario-1.pptx
      hash: md5
      md5: d306fcd5ff34a62430f350a214d57ceb
      size: 112394
    outs:
    - path: data/processed/scenario-1.pdf
      hash: md5
      md5: e18503f791c9815d64fee6aab3b18d66
      size: 175701
  convert_pptx_to_pdf@2:
    cmd: libreoffice --headless --convert-to pdf data/processed/scenario-2.pptx --outdir
      data/processed/
    deps:
    - path: data/processed/scenario-2.pptx
      hash: md5
      md5: dd32037a36545fd261636315270129ad
      size: 108164
    outs:
    - path: data/processed/scenario-2.pdf
      hash: md5
      md5: f509abc8739223384d6617b6e892d1ec
      size: 171344
  convert_pptx_to_pdf@3:
    cmd: libreoffice --headless --convert-to pdf data/processed/scenario-3.pptx --outdir
      data/processed/
    deps:
    - path: data/processed/scenario-3.pptx
      hash: md5
      md5: 2520f947529c30f1d4f4e24df02ae060
      size: 114119
    outs:
    - path: data/processed/scenario-3.pdf
      hash: md5
      md5: 16348214126c853872259edd217eff10
      size: 183764
  generate_scenario@4:
    cmd: poetry run python -m src.generate_scenario src/prompt.md data/interim/scenario-4.md
      --temperature=0.8
    deps:
    - path: src/generate_scenario.py
      hash: md5
      md5: a3e9cb1134a77be927869c0aba32993c
      size: 2959
    - path: src/prompt.md
      hash: md5
      md5: 34f800788a798db9a6968e7f8c5f5c8a
      size: 6052
    outs:
    - path: data/interim/scenario-4.md
      hash: md5
      md5: 040f2d17556c43aa5593af74c34897fe
      size: 10732
  generate_scenario@5:
    cmd: poetry run python -m src.generate_scenario src/prompt.md data/interim/scenario-5.md
      --temperature=0.8
    deps:
    - path: src/generate_scenario.py
      hash: md5
      md5: a3e9cb1134a77be927869c0aba32993c
      size: 2959
    - path: src/prompt.md
      hash: md5
      md5: fed53e598b511625a661e069b7c4972d
      size: 6055
    outs:
    - path: data/interim/scenario-5.md
      hash: md5
      md5: 29d68cdd925137402e4b57ab7eebc6eb
      size: 8275
  convert_markdown_to_pdf@4:
    cmd: mkdir -p build ; rm -f build/* ; cp src/style.css build/ ; cp data/interim/scenario-4.md
      build/temp.md ; docker run --rm -v ./build/:/home/marp/app marp-cli-ja marp
      temp.md -o temp.pdf --pdf --theme style.css; cp build/temp.pdf data/interim/scenario-4.pdf
    deps:
    - path: data/interim/scenario-4.md
      hash: md5
      md5: 040f2d17556c43aa5593af74c34897fe
      size: 10732
    - path: src/style.css
      hash: md5
      md5: eb38ee4a9d6acbef1727b67efcf77e7f
      size: 134
    outs:
    - path: data/interim/scenario-4.pdf
      hash: md5
      md5: 4d8793c24a7e0a9472a4842565409b94
      size: 749322
  convert_markdown_to_pdf@5:
    cmd: mkdir -p build ; rm -f build/* ; cp src/style.css build/ ; cp data/interim/scenario-5.md
      build/temp.md ; docker run --rm -v ./build/:/home/marp/app marp-cli-ja marp
      temp.md -o temp.pdf --pdf --theme style.css; cp build/temp.pdf data/interim/scenario-5.pdf
    deps:
    - path: data/interim/scenario-5.md
      hash: md5
      md5: 29d68cdd925137402e4b57ab7eebc6eb
      size: 8275
    - path: src/style.css
      hash: md5
      md5: eb38ee4a9d6acbef1727b67efcf77e7f
      size: 134
    outs:
    - path: data/interim/scenario-5.pdf
      hash: md5
      md5: b5352e2e6655f7a83fc6cb48fce2ae70
      size: 646548
  convert_markdown_to_html@0:
    cmd: mkdir -p build ; rm -f build/* ; cp src/style.css build/ ; cp data/interim/scenario-0.md
      build/temp.md ; docker run --rm -v ./build/:/home/marp/app marp-cli-ja marp
      temp.md -o temp.html --html --theme style.css; cp build/temp.html data/interim/scenario-0.html
    deps:
    - path: data/interim/scenario-0.md
      hash: md5
      md5: 0467c8bda6f4a95686c476dae087629c
      size: 10879
    - path: src/style.css
      hash: md5
      md5: 04ebe0b59897bed0d6a6e610df1b5351
      size: 319
    outs:
    - path: data/interim/scenario-0.html
      hash: md5
      md5: ea4187e810762b76fbaa5e1dd4852512
      size: 128967
  convert_markdown_to_html@1:
    cmd: mkdir -p build ; rm -f build/* ; cp src/style.css build/ ; cp data/interim/scenario-1.md
      build/temp.md ; docker run --rm -v ./build/:/home/marp/app marp-cli-ja marp
      temp.md -o temp.html --html --theme style.css; cp build/temp.html data/interim/scenario-1.html
    deps:
    - path: data/interim/scenario-1.md
      hash: md5
      md5: 5e70390a2ea2b6d00a85702c6981b0a2
      size: 8789
    - path: src/style.css
      hash: md5
      md5: eb38ee4a9d6acbef1727b67efcf77e7f
      size: 134
    outs:
    - path: data/interim/scenario-1.html
      hash: md5
      md5: 35f0e71ed41520edb4b0f758056b3cc9
      size: 126835
  convert_markdown_to_html@2:
    cmd: mkdir -p build ; rm -f build/* ; cp src/style.css build/ ; cp data/interim/scenario-2.md
      build/temp.md ; docker run --rm -v ./build/:/home/marp/app marp-cli-ja marp
      temp.md -o temp.html --html --theme style.css; cp build/temp.html data/interim/scenario-2.html
    deps:
    - path: data/interim/scenario-2.md
      hash: md5
      md5: 416927e8c027fa44b148454d7cb79654
      size: 8276
    - path: src/style.css
      hash: md5
      md5: eb38ee4a9d6acbef1727b67efcf77e7f
      size: 134
    outs:
    - path: data/interim/scenario-2.html
      hash: md5
      md5: a78b1ee54f9cea77fbf1c569c5b03092
      size: 128346
  convert_markdown_to_html@3:
    cmd: mkdir -p build ; rm -f build/* ; cp src/style.css build/ ; cp data/interim/scenario-3.md
      build/temp.md ; docker run --rm -v ./build/:/home/marp/app marp-cli-ja marp
      temp.md -o temp.html --html --theme style.css; cp build/temp.html data/interim/scenario-3.html
    deps:
    - path: data/interim/scenario-3.md
      hash: md5
      md5: 62cc0b109f250e3307b808d480aaf020
      size: 9765
    - path: src/style.css
      hash: md5
      md5: eb38ee4a9d6acbef1727b67efcf77e7f
      size: 134
    outs:
    - path: data/interim/scenario-3.html
      hash: md5
      md5: c76d024f1be98dd2275853a141b08a49
      size: 131912
  convert_markdown_to_html@4:
    cmd: mkdir -p build ; rm -f build/* ; cp src/style.css build/ ; cp data/interim/scenario-4.md
      build/temp.md ; docker run --rm -v ./build/:/home/marp/app marp-cli-ja marp
      temp.md -o temp.html --html --theme style.css; cp build/temp.html data/interim/scenario-4.html
    deps:
    - path: data/interim/scenario-4.md
      hash: md5
      md5: 040f2d17556c43aa5593af74c34897fe
      size: 10732
    - path: src/style.css
      hash: md5
      md5: eb38ee4a9d6acbef1727b67efcf77e7f
      size: 134
    outs:
    - path: data/interim/scenario-4.html
      hash: md5
      md5: 2ce8e7da46ff189a3d2c2be145fa88a7
      size: 126060
  convert_markdown_to_html@5:
    cmd: mkdir -p build ; rm -f build/* ; cp src/style.css build/ ; cp data/interim/scenario-5.md
      build/temp.md ; docker run --rm -v ./build/:/home/marp/app marp-cli-ja marp
      temp.md -o temp.html --html --theme style.css; cp build/temp.html data/interim/scenario-5.html
    deps:
    - path: data/interim/scenario-5.md
      hash: md5
      md5: 29d68cdd925137402e4b57ab7eebc6eb
      size: 8275
    - path: src/style.css
      hash: md5
      md5: eb38ee4a9d6acbef1727b67efcf77e7f
      size: 134
    outs:
    - path: data/interim/scenario-5.html
      hash: md5
      md5: b6630b8fba98b72aedb2b3651acbd716
      size: 126777
  convert_markdown_to_pptx@4:
    cmd: poetry run python -m src.md_to_pptx data/interim/scenario-4.md data/processed/scenario-4.pptx
    deps:
    - path: data/interim/scenario-4.md
      hash: md5
      md5: 040f2d17556c43aa5593af74c34897fe
      size: 10732
    - path: src/md_to_pptx.py
      hash: md5
      md5: 8fcc3bed849c23d4f768282c7b871d5c
      size: 8824
    outs:
    - path: data/processed/scenario-4.pptx
      hash: md5
      md5: 2da05f69c3f4c59ecaafb3983e99ed3a
      size: 109130
  convert_markdown_to_pptx@5:
    cmd: poetry run python -m src.md_to_pptx data/interim/scenario-5.md data/processed/scenario-5.pptx
    deps:
    - path: data/interim/scenario-5.md
      hash: md5
      md5: 29d68cdd925137402e4b57ab7eebc6eb
      size: 8275
    - path: src/md_to_pptx.py
      hash: md5
      md5: 8fcc3bed849c23d4f768282c7b871d5c
      size: 8824
    outs:
    - path: data/processed/scenario-5.pptx
      hash: md5
      md5: b98d3fa5845c949fdcc240b62295c5e5
      size: 111558
  convert_pptx_to_pdf@4:
    cmd: libreoffice --headless --convert-to pdf data/processed/scenario-4.pptx --outdir
      data/processed/
    deps:
    - path: data/processed/scenario-4.pptx
      hash: md5
      md5: 2da05f69c3f4c59ecaafb3983e99ed3a
      size: 109130
    outs:
    - path: data/processed/scenario-4.pdf
      hash: md5
      md5: 2cd5cfb42317b5fd8bf0d8cf8a0e4768
      size: 182239
  convert_pptx_to_pdf@5:
    cmd: libreoffice --headless --convert-to pdf data/processed/scenario-5.pptx --outdir
      data/processed/
    deps:
    - path: data/processed/scenario-5.pptx
      hash: md5
      md5: b98d3fa5845c949fdcc240b62295c5e5
      size: 111558
    outs:
    - path: data/processed/scenario-5.pdf
      hash: md5
      md5: 035e4364eb344a29ac505f863f4d294e
      size: 163747
  generate_prompt@時系列解析:
    cmd: poetry run python -m src.generate_prompt src/meta_prompt.md data/interim/prompt_sample_時系列解析.md
      --theme_keyword=時系列解析
    deps:
    - path: src/generate_prompt.py
      hash: md5
      md5: 026839506c1f64504dffb027b692454f
      size: 3494
    - path: src/meta_prompt.md
      hash: md5
      md5: df68039596d487b93da40f2ddf30629d
      size: 733
    outs:
    - path: data/interim/prompt_sample_時系列解析.md
      hash: md5
      md5: 60bc88a053d263aac40510ad8b488e2a
      size: 3630
  generate_prompt@線形ガウス状態空間モデル:
    cmd: poetry run python -m src.generate_prompt src/meta_prompt.md data/interim/prompt_sample_線形ガウス状態空間モデル.md
      --theme_keyword=線形ガウス状態空間モデル
    deps:
    - path: src/generate_prompt.py
      hash: md5
      md5: 026839506c1f64504dffb027b692454f
      size: 3494
    - path: src/meta_prompt.md
      hash: md5
      md5: df68039596d487b93da40f2ddf30629d
      size: 733
    outs:
    - path: data/interim/prompt_sample_線形ガウス状態空間モデル.md
      hash: md5
      md5: ee1cf9e3ace00828b3ffe3d0077e9295
      size: 3421
  generate_prompt@異常検知:
    cmd: poetry run python -m src.generate_prompt src/meta_prompt.md data/interim/prompt_sample_異常検知.md
      --theme_keyword=異常検知
    deps:
    - path: src/generate_prompt.py
      hash: md5
      md5: 026839506c1f64504dffb027b692454f
      size: 3494
    - path: src/meta_prompt.md
      hash: md5
      md5: df68039596d487b93da40f2ddf30629d
      size: 733
    outs:
    - path: data/interim/prompt_sample_異常検知.md
      hash: md5
      md5: 9dc92311214e1fbae49a07714dcbb845
      size: 3072
  generate_prompt@推薦モデル:
    cmd: poetry run python -m src.generate_prompt src/meta_prompt.md data/interim/prompt_sample_推薦モデル.md
      --theme_keyword=推薦モデル
    deps:
    - path: src/generate_prompt.py
      hash: md5
      md5: 026839506c1f64504dffb027b692454f
      size: 3494
    - path: src/meta_prompt.md
      hash: md5
      md5: df68039596d487b93da40f2ddf30629d
      size: 733
    outs:
    - path: data/interim/prompt_sample_推薦モデル.md
      hash: md5
      md5: ea635320d7c506b8876709481f135079
      size: 3464
  generate_prompt@強化学習:
    cmd: poetry run python -m src.generate_prompt src/meta_prompt.md data/interim/prompt_sample_強化学習.md
      --theme_keyword=強化学習
    deps:
    - path: src/generate_prompt.py
      hash: md5
      md5: 026839506c1f64504dffb027b692454f
      size: 3494
    - path: src/meta_prompt.md
      hash: md5
      md5: df68039596d487b93da40f2ddf30629d
      size: 733
    outs:
    - path: data/interim/prompt_sample_強化学習.md
      hash: md5
      md5: 9d93aa7f7a197a3cd6bd1ea30c7803f1
      size: 3011
  generate_prompt@最適化問題:
    cmd: poetry run python -m src.generate_prompt src/meta_prompt.md data/interim/prompt_sample_最適化問題.md
      --theme_keyword=最適化問題
    deps:
    - path: src/generate_prompt.py
      hash: md5
      md5: 026839506c1f64504dffb027b692454f
      size: 3494
    - path: src/meta_prompt.md
      hash: md5
      md5: df68039596d487b93da40f2ddf30629d
      size: 733
    outs:
    - path: data/interim/prompt_sample_最適化問題.md
      hash: md5
      md5: 26e89c23c4f4f9c1a35c1bb049631277
      size: 3225
  generate_prompt@ベイズ統計による検定:
    cmd: poetry run python -m src.generate_prompt src/meta_prompt.md data/interim/prompt_sample_ベイズ統計による検定.md
      --theme_keyword=ベイズ統計による検定
    deps:
    - path: src/generate_prompt.py
      hash: md5
      md5: 026839506c1f64504dffb027b692454f
      size: 3494
    - path: src/meta_prompt.md
      hash: md5
      md5: df68039596d487b93da40f2ddf30629d
      size: 733
    outs:
    - path: data/interim/prompt_sample_ベイズ統計による検定.md
      hash: md5
      md5: 224f1c039399c6f5658642e41b520732
      size: 3189
  generate_prompt@統計的仮説検定:
    cmd: poetry run python -m src.generate_prompt src/meta_prompt.md data/interim/prompt_sample_統計的仮説検定.md
      --theme_keyword=統計的仮説検定
    deps:
    - path: src/generate_prompt.py
      hash: md5
      md5: 026839506c1f64504dffb027b692454f
      size: 3494
    - path: src/meta_prompt.md
      hash: md5
      md5: df68039596d487b93da40f2ddf30629d
      size: 733
    outs:
    - path: data/interim/prompt_sample_統計的仮説検定.md
      hash: md5
      md5: 5cc27ef5afeeb4edc67a9a395a2ee8f3
      size: 3026
  generate_prompt@反実仮想機械学習:
    cmd: poetry run python -m src.generate_prompt src/meta_prompt.md data/interim/prompt_sample_反実仮想機械学習.md
      --theme_keyword=反実仮想機械学習
    deps:
    - path: src/generate_prompt.py
      hash: md5
      md5: 026839506c1f64504dffb027b692454f
      size: 3494
    - path: src/meta_prompt.md
      hash: md5
      md5: df68039596d487b93da40f2ddf30629d
      size: 733
    outs:
    - path: data/interim/prompt_sample_反実仮想機械学習.md
      hash: md5
      md5: d5c60b75c02041e3244fb528a96cc549
      size: 3569
  generate_prompt@テキスト埋め込みモデルを利用したベクトル検索:
    cmd: poetry run python -m src.generate_prompt src/meta_prompt.md data/interim/prompt_sample_テキスト埋め込みモデルを利用したベクトル検索.md
      --theme_keyword=テキスト埋め込みモデルを利用したベクトル検索
    deps:
    - path: src/generate_prompt.py
      hash: md5
      md5: 026839506c1f64504dffb027b692454f
      size: 3494
    - path: src/meta_prompt.md
      hash: md5
      md5: df68039596d487b93da40f2ddf30629d
      size: 733
    outs:
    - path: data/interim/prompt_sample_テキスト埋め込みモデルを利用したベクトル検索.md
      hash: md5
      md5: 0aa287019c44711bbbd337c7c8e1d793
      size: 3298
  generate_images@0:
    cmd: poetry run python -m src.generate_images data/interim/scenario-0.md data/interim/scenario-0_with_image.md
      data/interim/images-0/ --temperature=0.8 --enable_dummy=true
    deps:
    - path: data/interim/scenario-0.md
      hash: md5
      md5: 0467c8bda6f4a95686c476dae087629c
      size: 10879
    - path: src/generate_images.py
      hash: md5
      md5: 4d2ec121ac03442f4c41be6c2973dda8
      size: 5854
    outs:
    - path: data/interim/images-0/
      hash: md5
      md5: 8d3079f939c641635a7d936b4a6bd00d.dir
      size: 433664
      nfiles: 28
    - path: data/interim/scenario-0_with_image.md
      hash: md5
      md5: 46e0d85d8366290c72d41ad4aac58085
      size: 11963
  convert_markdown_to_pdf_with_image@0:
    cmd: mkdir -p build ; rm -fr build/* ; cp src/style.css build/ ; cp data/interim/scenario-0_with_image.md
      build/temp.md ; cp -r data/interim/images-0 build/ ; docker run --rm -v ./build/:/home/marp/app
      marp-cli-ja marp temp.md -o temp.pdf --pdf --theme style.css --allow-local-files
      ; cp build/temp.pdf data/interim/scenario-0_with_image.pdf
    deps:
    - path: data/interim/images-0/
      hash: md5
      md5: 8d3079f939c641635a7d936b4a6bd00d.dir
      size: 433664
      nfiles: 28
    - path: data/interim/scenario-0_with_image.md
      hash: md5
      md5: 46e0d85d8366290c72d41ad4aac58085
      size: 11963
    - path: src/style.css
      hash: md5
      md5: 04ebe0b59897bed0d6a6e610df1b5351
      size: 319
    outs:
    - path: data/interim/scenario-0_with_image.pdf
      hash: md5
      md5: 53e152beacf56ab2fb29eb848f0bbceb
      size: 699854
  convert_markdown_to_pptx_with_image@0:
    cmd: poetry run python -m src.md_to_pptx data/interim/scenario-0_with_image.md
      data/processed/scenario-0_with_image.pptx
    deps:
    - path: data/interim/images-0/
      hash: md5
      md5: 8d3079f939c641635a7d936b4a6bd00d.dir
      size: 433664
      nfiles: 28
    - path: data/interim/scenario-0_with_image.md
      hash: md5
      md5: 46e0d85d8366290c72d41ad4aac58085
      size: 11963
    - path: src/md_to_pptx.py
      hash: md5
      md5: c8a8612949d345b3d585bd5728906943
      size: 9748
    outs:
    - path: data/processed/scenario-0_with_image.pptx
      hash: md5
      md5: 71ab7eface7c52e055437a04d27d10a7
      size: 117778
  convert_markdown_to_html_with_image@0:
    cmd: mkdir -p build ; rm -fr build/* ; cp src/style.css build/ ; cp data/interim/scenario-0_with_image.md
      build/temp.md ; cp -r data/interim/images-0 build/ ; docker run --rm -v ./build/:/home/marp/app
      marp-cli-ja marp temp.md -o temp.html --html --theme style.css --allow-local-files
      ; cp build/temp.html data/interim/scenario-0_with_image.html
    deps:
    - path: data/interim/images-0/
      hash: md5
      md5: 8d3079f939c641635a7d936b4a6bd00d.dir
      size: 433664
      nfiles: 28
    - path: data/interim/scenario-0_with_image.md
      hash: md5
      md5: 46e0d85d8366290c72d41ad4aac58085
      size: 11963
    - path: src/style.css
      hash: md5
      md5: 04ebe0b59897bed0d6a6e610df1b5351
      size: 319
    outs:
    - path: data/interim/scenario-0_with_image.html
      hash: md5
      md5: 8817af05533d9718fb0cf53daa9ec163
      size: 167696
  convert_pptx_to_pdf_with_image@0:
    cmd: libreoffice --headless --convert-to pdf data/processed/scenario-0_with_image.pptx
      --outdir data/processed/
    deps:
    - path: data/processed/scenario-0_with_image.pptx
      hash: md5
      md5: 71ab7eface7c52e055437a04d27d10a7
      size: 117778
    outs:
    - path: data/processed/scenario-0_with_image.pdf
      hash: md5
      md5: 8bffdbb495bdd0e96ec2d8317416cfe1
      size: 167250
