schema: '2.0'
stages:
  generate_scenario:
    cmd: poetry run python -m src.generate_scenario data/raw/scenario-prompt.md data/interim/scenario.md
    deps:
    - path: data/raw/scenario-prompt.md
      hash: md5
      md5: 59f8a39b7b9f2f99a1b720b915dfc5a0
      size: 2301
    - path: src/generate_scenario.py
      hash: md5
      md5: 6cd05695e6fe3374d95eeb9a18822d56
      size: 1471
    outs:
    - path: data/interim/scenario.md
      hash: md5
      md5: 66e879b687754bec4b3c011154173d8d
      size: 3085
  convert_to_pdf:
    cmd: mkdir -p build ; rm -f build/* ; cp data/raw/style.css data/interim/scenario.md
      build/ ; docker run --rm -v ./build/:/home/marp/app marp-cli-ja marp scenario.md
      --pdf --theme style.css; cp build/scenario.pdf data/interim/scenario.pdf
    deps:
    - path: data/interim/scenario.md
      hash: md5
      md5: 66e879b687754bec4b3c011154173d8d
      size: 3085
    - path: data/raw/style.css
      hash: md5
      md5: 99282e14aab56b8f0681a234cd71984b
      size: 95
    outs:
    - path: data/interim/scenario.pdf
      hash: md5
      md5: 4b26e57240ccada4bedf59ec91082f85
      size: 285449
